
Microsoft Visual Studio Solution File, Format Version 12.00
# Visual Studio Version 17
VisualStudioVersion = 17.14.36327.8 d17.14
MinimumVisualStudioVersion = 10.0.40219.1
Project("{FAE04EC0-301F-11D3-BF4B-00C04F79EFBC}") = "addressbook_tests_autoit", "addressbook_tests_autoit\addressbook_tests_autoit.csproj", "{30CFAC8A-B170-410F-8142-31DE19694A92}"
EndProject
Global
	GlobalSection(SolutionConfigurationPlatforms) = preSolution
		Debug|Any CPU = Debug|Any CPU
		Release|Any CPU = Release|Any CPU
	EndGlobalSection
	GlobalSection(ProjectConfigurationPlatforms) = postSolution
		{30CFAC8A-B170-410F-8142-31DE19694A92}.Debug|Any CPU.ActiveCfg = Debug|Any CPU
		{30CFAC8A-B170-410F-8142-31DE19694A92}.Debug|Any CPU.Build.0 = Debug|Any CPU
		{30CFAC8A-B170-410F-8142-31DE19694A92}.Release|Any CPU.ActiveCfg = Release|Any CPU
		{30CFAC8A-B170-410F-8142-31DE19694A92}.Release|Any CPU.Build.0 = Release|Any CPU
	EndGlobalSection
	GlobalSection(SolutionProperties) = preSolution
		HideSolutionNode = FALSE
	EndGlobalSection
	GlobalSection(ExtensibilityGlobals) = postSolution
		SolutionGuid = {C3EF0B19-BE75-44C1-AEF8-9FBC52E80FC0}
	EndGlobalSection
EndGlobal
